// !$*UTF8*$!
{
	archiveVersion = 1;
	classes = {
	};
	objectVersion = 50;
	objects = {

/* Begin PBXBuildFile section */
		54C1FD3B23FD12A500686DA4 /* AppDelegate.swift in Sources */ = {isa = PBXBuildFile; fileRef = 54C1FD3A23FD12A500686DA4 /* AppDelegate.swift */; };
		54C1FD3D23FD12A500686DA4 /* SceneDelegate.swift in Sources */ = {isa = PBXBuildFile; fileRef = 54C1FD3C23FD12A500686DA4 /* SceneDelegate.swift */; };
		54C1FD3F23FD12A500686DA4 /* ViewController.swift in Sources */ = {isa = PBXBuildFile; fileRef = 54C1FD3E23FD12A500686DA4 /* ViewController.swift */; };
		54C1FD4223FD12A500686DA4 /* Main.storyboard in Resources */ = {isa = PBXBuildFile; fileRef = 54C1FD4023FD12A500686DA4 /* Main.storyboard */; };
		54C1FD4423FD12A800686DA4 /* Assets.xcassets in Resources */ = {isa = PBXBuildFile; fileRef = 54C1FD4323FD12A800686DA4 /* Assets.xcassets */; };
		54C1FD4723FD12A800686DA4 /* LaunchScreen.storyboard in Resources */ = {isa = PBXBuildFile; fileRef = 54C1FD4523FD12A800686DA4 /* LaunchScreen.storyboard */; };
		54E652D223FD59670008471D /* KeyboardViewController.swift in Sources */ = {isa = PBXBuildFile; fileRef = 54E652D123FD59670008471D /* KeyboardViewController.swift */; };
		54E652D623FD59670008471D /* CustomKeyboard.appex in Embed App Extensions */ = {isa = PBXBuildFile; fileRef = 54E652CF23FD59670008471D /* CustomKeyboard.appex */; settings = {ATTRIBUTES = (RemoveHeadersOnCopy, ); }; };
		54E652DC23FD5A610008471D /* bear.jpg in Resources */ = {isa = PBXBuildFile; fileRef = 54E652DB23FD5A610008471D /* bear.jpg */; };
/* End PBXBuildFile section */

/* Begin PBXContainerItemProxy section */
		54E652D423FD59670008471D /* PBXContainerItemProxy */ = {
			isa = PBXContainerItemProxy;
			containerPortal = 54C1FD2F23FD12A500686DA4 /* Project object */;
			proxyType = 1;
			remoteGlobalIDString = 54E652CE23FD59670008471D;
			remoteInfo = CustomKeyboard;
		};
/* End PBXContainerItemProxy section */

/* Begin PBXCopyFilesBuildPhase section */
		54E652D723FD59670008471D /* Embed App Extensions */ = {
			isa = PBXCopyFilesBuildPhase;
			buildActionMask = 2147483647;
			dstPath = "";
			dstSubfolderSpec = 13;
			files = (
				54E652D623FD59670008471D /* CustomKeyboard.appex in Embed App Extensions */,
			);
			name = "Embed App Extensions";
			runOnlyForDeploymentPostprocessing = 0;
		};
/* End PBXCopyFilesBuildPhase section */

/* Begin PBXFileReference section */
		54C1FD3723FD12A500686DA4 /* IOSTechnicalFeatures.app */ = {isa = PBXFileReference; explicitFileType = wrapper.application; includeInIndex = 0; path = IOSTechnicalFeatures.app; sourceTree = BUILT_PRODUCTS_DIR; };
		54C1FD3A23FD12A500686DA4 /* AppDelegate.swift */ = {isa = PBXFileReference; lastKnownFileType = sourcecode.swift; path = AppDelegate.swift; sourceTree = "<group>"; };
		54C1FD3C23FD12A500686DA4 /* SceneDelegate.swift */ = {isa = PBXFileReference; lastKnownFileType = sourcecode.swift; path = SceneDelegate.swift; sourceTree = "<group>"; };
		54C1FD3E23FD12A500686DA4 /* ViewController.swift */ = {isa = PBXFileReference; lastKnownFileType = sourcecode.swift; path = ViewController.swift; sourceTree = "<group>"; };
		54C1FD4123FD12A500686DA4 /* Base */ = {isa = PBXFileReference; lastKnownFileType = file.storyboard; name = Base; path = Base.lproj/Main.storyboard; sourceTree = "<group>"; };
		54C1FD4323FD12A800686DA4 /* Assets.xcassets */ = {isa = PBXFileReference; lastKnownFileType = folder.assetcatalog; path = Assets.xcassets; sourceTree = "<group>"; };
		54C1FD4623FD12A800686DA4 /* Base */ = {isa = PBXFileReference; lastKnownFileType = file.storyboard; name = Base; path = Base.lproj/LaunchScreen.storyboard; sourceTree = "<group>"; };
		54C1FD4823FD12A800686DA4 /* Info.plist */ = {isa = PBXFileReference; lastKnownFileType = text.plist.xml; path = Info.plist; sourceTree = "<group>"; };
		54E652CF23FD59670008471D /* CustomKeyboard.appex */ = {isa = PBXFileReference; explicitFileType = "wrapper.app-extension"; includeInIndex = 0; path = CustomKeyboard.appex; sourceTree = BUILT_PRODUCTS_DIR; };
		54E652D123FD59670008471D /* KeyboardViewController.swift */ = {isa = PBXFileReference; lastKnownFileType = sourcecode.swift; path = KeyboardViewController.swift; sourceTree = "<group>"; };
		54E652D323FD59670008471D /* Info.plist */ = {isa = PBXFileReference; lastKnownFileType = text.plist.xml; path = Info.plist; sourceTree = "<group>"; };
		54E652DB23FD5A610008471D /* bear.jpg */ = {isa = PBXFileReference; lastKnownFileType = image.jpeg; path = bear.jpg; sourceTree = "<group>"; };
/* End PBXFileReference section */

/* Begin PBXFrameworksBuildPhase section */
		54C1FD3423FD12A500686DA4 /* Frameworks */ = {
			isa = PBXFrameworksBuildPhase;
			buildActionMask = 2147483647;
			files = (
			);
			runOnlyForDeploymentPostprocessing = 0;
		};
		54E652CC23FD59670008471D /* Frameworks */ = {
			isa = PBXFrameworksBuildPhase;
			buildActionMask = 2147483647;
			files = (
			);
			runOnlyForDeploymentPostprocessing = 0;
		};
/* End PBXFrameworksBuildPhase section */

/* Begin PBXGroup section */
		54C1FD2E23FD12A500686DA4 = {
			isa = PBXGroup;
			children = (
				54C1FD3923FD12A500686DA4 /* IOSTechnicalFeatures */,
				54E652D023FD59670008471D /* CustomKeyboard */,
				54C1FD3823FD12A500686DA4 /* Products */,
			);
			sourceTree = "<group>";
		};
		54C1FD3823FD12A500686DA4 /* Products */ = {
			isa = PBXGroup;
			children = (
				54C1FD3723FD12A500686DA4 /* IOSTechnicalFeatures.app */,
				54E652CF23FD59670008471D /* CustomKeyboard.appex */,
			);
			name = Products;
			sourceTree = "<group>";
		};
		54C1FD3923FD12A500686DA4 /* IOSTechnicalFeatures */ = {
			isa = PBXGroup;
			children = (
				54C1FD3A23FD12A500686DA4 /* AppDelegate.swift */,
				54C1FD3C23FD12A500686DA4 /* SceneDelegate.swift */,
				54C1FD3E23FD12A500686DA4 /* ViewController.swift */,
				54C1FD4023FD12A500686DA4 /* Main.storyboard */,
				54C1FD4323FD12A800686DA4 /* Assets.xcassets */,
				54C1FD4523FD12A800686DA4 /* LaunchScreen.storyboard */,
				54C1FD4823FD12A800686DA4 /* Info.plist */,
			);
			path = IOSTechnicalFeatures;
			sourceTree = "<group>";
		};
		54E652D023FD59670008471D /* CustomKeyboard */ = {
			isa = PBXGroup;
			children = (
				54E652DB23FD5A610008471D /* bear.jpg */,
				54E652D123FD59670008471D /* KeyboardViewController.swift */,
				54E652D323FD59670008471D /* Info.plist */,
			);
			path = CustomKeyboard;
			sourceTree = "<group>";
		};
/* End PBXGroup section */

/* Begin PBXNativeTarget section */
		54C1FD3623FD12A500686DA4 /* IOSTechnicalFeatures */ = {
			isa = PBXNativeTarget;
			buildConfigurationList = 54C1FD4B23FD12A800686DA4 /* Build configuration list for PBXNativeTarget "IOSTechnicalFeatures" */;
			buildPhases = (
				54C1FD3323FD12A500686DA4 /* Sources */,
				54C1FD3423FD12A500686DA4 /* Frameworks */,
				54C1FD3523FD12A500686DA4 /* Resources */,
				54E652D723FD59670008471D /* Embed App Extensions */,
			);
			buildRules = (
			);
			dependencies = (
				54E652D523FD59670008471D /* PBXTargetDependency */,
			);
			name = IOSTechnicalFeatures;
			productName = IOSTechnicalFeatures;
			productReference = 54C1FD3723FD12A500686DA4 /* IOSTechnicalFeatures.app */;
			productType = "com.apple.product-type.application";
		};
		54E652CE23FD59670008471D /* CustomKeyboard */ = {
			isa = PBXNativeTarget;
			buildConfigurationList = 54E652DA23FD59670008471D /* Build configuration list for PBXNativeTarget "CustomKeyboard" */;
			buildPhases = (
				54E652CB23FD59670008471D /* Sources */,
				54E652CC23FD59670008471D /* Frameworks */,
				54E652CD23FD59670008471D /* Resources */,
			);
			buildRules = (
			);
			dependencies = (
			);
			name = CustomKeyboard;
			productName = CustomKeyboard;
			productReference = 54E652CF23FD59670008471D /* CustomKeyboard.appex */;
			productType = "com.apple.product-type.app-extension";
		};
/* End PBXNativeTarget section */

/* Begin PBXProject section */
		54C1FD2F23FD12A500686DA4 /* Project object */ = {
			isa = PBXProject;
			attributes = {
				LastSwiftUpdateCheck = 1130;
				LastUpgradeCheck = 1130;
				ORGANIZATIONNAME = "Rusen Topcu";
				TargetAttributes = {
					54C1FD3623FD12A500686DA4 = {
						CreatedOnToolsVersion = 11.3.1;
					};
					54E652CE23FD59670008471D = {
						CreatedOnToolsVersion = 11.3.1;
					};
				};
			};
			buildConfigurationList = 54C1FD3223FD12A500686DA4 /* Build configuration list for PBXProject "IOSTechnicalFeatures" */;
			compatibilityVersion = "Xcode 9.3";
			developmentRegion = en;
			hasScannedForEncodings = 0;
			knownRegions = (
				en,
				Base,
			);
			mainGroup = 54C1FD2E23FD12A500686DA4;
			productRefGroup = 54C1FD3823FD12A500686DA4 /* Products */;
			projectDirPath = "";
			projectRoot = "";
			targets = (
				54C1FD3623FD12A500686DA4 /* IOSTechnicalFeatures */,
				54E652CE23FD59670008471D /* CustomKeyboard */,
			);
		};
/* End PBXProject section */

/* Begin PBXResourcesBuildPhase section */
		54C1FD3523FD12A500686DA4 /* Resources */ = {
			isa = PBXResourcesBuildPhase;
			buildActionMask = 2147483647;
			files = (
				54C1FD4723FD12A800686DA4 /* LaunchScreen.storyboard in Resources */,
				54C1FD4423FD12A800686DA4 /* Assets.xcassets in Resources */,
				54C1FD4223FD12A500686DA4 /* Main.storyboard in Resources */,
			);
			runOnlyForDeploymentPostprocessing = 0;
		};
		54E652CD23FD59670008471D /* Resources */ = {
			isa = PBXResourcesBuildPhase;
			buildActionMask = 2147483647;
			files = (
				54E652DC23FD5A610008471D /* bear.jpg in Resources */,
			);
			runOnlyForDeploymentPostprocessing = 0;
		};
/* End PBXResourcesBuildPhase section */

/* Begin PBXSourcesBuildPhase section */
		54C1FD3323FD12A500686DA4 /* Sources */ = {
			isa = PBXSourcesBuildPhase;
			buildActionMask = 2147483647;
			files = (
				54C1FD3F23FD12A500686DA4 /* ViewController.swift in Sources */,
				54C1FD3B23FD12A500686DA4 /* AppDelegate.swift in Sources */,
				54C1FD3D23FD12A500686DA4 /* SceneDelegate.swift in Sources */,
			);
			runOnlyForDeploymentPostprocessing = 0;
		};
		54E652CB23FD59670008471D /* Sources */ = {
			isa = PBXSourcesBuildPhase;
			buildActionMask = 2147483647;
			files = (
				54E652D223FD59670008471D /* KeyboardViewController.swift in Sources */,
			);
			runOnlyForDeploymentPostprocessing = 0;
		};
/* End PBXSourcesBuildPhase section */

/* Begin PBXTargetDependency section */
		54E652D523FD59670008471D /* PBXTargetDependency */ = {
			isa = PBXTargetDependency;
			target = 54E652CE23FD59670008471D /* CustomKeyboard */;
			targetProxy = 54E652D423FD59670008471D /* PBXContainerItemProxy */;
		};
/* End PBXTargetDependency section */

/* Begin PBXVariantGroup section */
		54C1FD4023FD12A500686DA4 /* Main.storyboard */ = {
			isa = PBXVariantGroup;
			children = (
				54C1FD4123FD12A500686DA4 /* Base */,
			);
			name = Main.storyboard;
			sourceTree = "<group>";
		};
		54C1FD4523FD12A800686DA4 /* LaunchScreen.storyboard */ = {
			isa = PBXVariantGroup;
			children = (
				54C1FD4623FD12A800686DA4 /* Base */,
			);
			name = LaunchScreen.storyboard;
			sourceTree = "<group>";
		};
/* End PBXVariantGroup section */

/* Begin XCBuildConfiguration section */
		54C1FD4923FD12A800686DA4 /* Debug */ = {
			isa = XCBuildConfiguration;
			buildSettings = {
				ALWAYS_SEARCH_USER_PATHS = NO;
				CLANG_ANALYZER_NONNULL = YES;
				CLANG_ANALYZER_NUMBER_OBJECT_CONVERSION = YES_AGGRESSIVE;
				CLANG_CXX_LANGUAGE_STANDARD = "gnu++14";
				CLANG_CXX_LIBRARY = "libc++";
				CLANG_ENABLE_MODULES = YES;
				CLANG_ENABLE_OBJC_ARC = YES;
				CLANG_ENABLE_OBJC_WEAK = YES;
				CLANG_WARN_BLOCK_CAPTURE_AUTORELEASING = YES;
				CLANG_WARN_BOOL_CONVERSION = YES;
				CLANG_WARN_COMMA = YES;
				CLANG_WARN_CONSTANT_CONVERSION = YES;
				CLANG_WARN_DEPRECATED_OBJC_IMPLEMENTATIONS = YES;
				CLANG_WARN_DIRECT_OBJC_ISA_USAGE = YES_ERROR;
				CLANG_WARN_DOCUMENTATION_COMMENTS = YES;
				CLANG_WARN_EMPTY_BODY = YES;
				CLANG_WARN_ENUM_CONVERSION = YES;
				CLANG_WARN_INFINITE_RECURSION = YES;
				CLANG_WARN_INT_CONVERSION = YES;
				CLANG_WARN_NON_LITERAL_NULL_CONVERSION = YES;
				CLANG_WARN_OBJC_IMPLICIT_RETAIN_SELF = YES;
				CLANG_WARN_OBJC_LITERAL_CONVERSION = YES;
				CLANG_WARN_OBJC_ROOT_CLASS = YES_ERROR;
				CLANG_WARN_RANGE_LOOP_ANALYSIS = YES;
				CLANG_WARN_STRICT_PROTOTYPES = YES;
				CLANG_WARN_SUSPICIOUS_MOVE = YES;
				CLANG_WARN_UNGUARDED_AVAILABILITY = YES_AGGRESSIVE;
				CLANG_WARN_UNREACHABLE_CODE = YES;
				CLANG_WARN__DUPLICATE_METHOD_MATCH = YES;
				COPY_PHASE_STRIP = NO;
				DEBUG_INFORMATION_FORMAT = dwarf;
				ENABLE_STRICT_OBJC_MSGSEND = YES;
				ENABLE_TESTABILITY = YES;
				GCC_C_LANGUAGE_STANDARD = gnu11;
				GCC_DYNAMIC_NO_PIC = NO;
				GCC_NO_COMMON_BLOCKS = YES;
				GCC_OPTIMIZATION_LEVEL = 0;
				GCC_PREPROCESSOR_DEFINITIONS = (
					"DEBUG=1",
					"$(inherited)",
				);
				GCC_WARN_64_TO_32_BIT_CONVERSION = YES;
				GCC_WARN_ABOUT_RETURN_TYPE = YES_ERROR;
				GCC_WARN_UNDECLARED_SELECTOR = YES;
				GCC_WARN_UNINITIALIZED_AUTOS = YES_AGGRESSIVE;
				GCC_WARN_UNUSED_FUNCTION = YES;
				GCC_WARN_UNUSED_VARIABLE = YES;
				IPHONEOS_DEPLOYMENT_TARGET = 13.2;
				MTL_ENABLE_DEBUG_INFO = INCLUDE_SOURCE;
				MTL_FAST_MATH = YES;
				ONLY_ACTIVE_ARCH = YES;
				SDKROOT = iphoneos;
				SWIFT_ACTIVE_COMPILATION_CONDITIONS = DEBUG;
				SWIFT_OPTIMIZATION_LEVEL = "-Onone";
			};
			name = Debug;
		};
		54C1FD4A23FD12A800686DA4 /* Release */ = {
			isa = XCBuildConfiguration;
			buildSettings = {
				ALWAYS_SEARCH_USER_PATHS = NO;
				CLANG_ANALYZER_NONNULL = YES;
				CLANG_ANALYZER_NUMBER_OBJECT_CONVERSION = YES_AGGRESSIVE;
				CLANG_CXX_LANGUAGE_STANDARD = "gnu++14";
				CLANG_CXX_LIBRARY = "libc++";
				CLANG_ENABLE_MODULES = YES;
				CLANG_ENABLE_OBJC_ARC = YES;
				CLANG_ENABLE_OBJC_WEAK = YES;
				CLANG_WARN_BLOCK_CAPTURE_AUTORELEASING = YES;
				CLANG_WARN_BOOL_CONVERSION = YES;
				CLANG_WARN_COMMA = YES;
				CLANG_WARN_CONSTANT_CONVERSION = YES;
				CLANG_WARN_DEPRECATED_OBJC_IMPLEMENTATIONS = YES;
				CLANG_WARN_DIRECT_OBJC_ISA_USAGE = YES_ERROR;
				CLANG_WARN_DOCUMENTATION_COMMENTS = YES;
				CLANG_WARN_EMPTY_BODY = YES;
				CLANG_WARN_ENUM_CONVERSION = YES;
				CLANG_WARN_INFINITE_RECURSION = YES;
				CLANG_WARN_INT_CONVERSION = YES;
				CLANG_WARN_NON_LITERAL_NULL_CONVERSION = YES;
				CLANG_WARN_OBJC_IMPLICIT_RETAIN_SELF = YES;
				CLANG_WARN_OBJC_LITERAL_CONVERSION = YES;
				CLANG_WARN_OBJC_ROOT_CLASS = YES_ERROR;
				CLANG_WARN_RANGE_LOOP_ANALYSIS = YES;
				CLANG_WARN_STRICT_PROTOTYPES = YES;
				CLANG_WARN_SUSPICIOUS_MOVE = YES;
				CLANG_WARN_UNGUARDED_AVAILABILITY = YES_AGGRESSIVE;
				CLANG_WARN_UNREACHABLE_CODE = YES;
				CLANG_WARN__DUPLICATE_METHOD_MATCH = YES;
				COPY_PHASE_STRIP = NO;
				DEBUG_INFORMATION_FORMAT = "dwarf-with-dsym";
				ENABLE_NS_ASSERTIONS = NO;
				ENABLE_STRICT_OBJC_MSGSEND = YES;
				GCC_C_LANGUAGE_STANDARD = gnu11;
				GCC_NO_COMMON_BLOCKS = YES;
				GCC_WARN_64_TO_32_BIT_CONVERSION = YES;
				GCC_WARN_ABOUT_RETURN_TYPE = YES_ERROR;
				GCC_WARN_UNDECLARED_SELECTOR = YES;
				GCC_WARN_UNINITIALIZED_AUTOS = YES_AGGRESSIVE;
				GCC_WARN_UNUSED_FUNCTION = YES;
				GCC_WARN_UNUSED_VARIABLE = YES;
				IPHONEOS_DEPLOYMENT_TARGET = 13.2;
				MTL_ENABLE_DEBUG_INFO = NO;
				MTL_FAST_MATH = YES;
				SDKROOT = iphoneos;
				SWIFT_COMPILATION_MODE = wholemodule;
				SWIFT_OPTIMIZATION_LEVEL = "-O";
				VALIDATE_PRODUCT = YES;
			};
			name = Release;
		};
		54C1FD4C23FD12A800686DA4 /* Debug */ = {
			isa = XCBuildConfiguration;
			buildSettings = {
				ALWAYS_EMBED_SWIFT_STANDARD_LIBRARIES = YES;
				ASSETCATALOG_COMPILER_APPICON_NAME = AppIcon;
				CODE_SIGN_STYLE = Automatic;
				DEVELOPMENT_TEAM = 48Z3M32AFX;
				INFOPLIST_FILE = IOSTechnicalFeatures/Info.plist;
				LD_RUNPATH_SEARCH_PATHS = (
					"$(inherited)",
					"@executable_path/Frameworks",
				);
				PRODUCT_BUNDLE_IDENTIFIER = com.IOSTechnicalFeatures;
				PRODUCT_NAME = "$(TARGET_NAME)";
				SWIFT_VERSION = 5.0;
				TARGETED_DEVICE_FAMILY = "1,2";
			};
			name = Debug;
		};
		54C1FD4D23FD12A800686DA4 /* Release */ = {
			isa = XCBuildConfiguration;
			buildSettings = {
				ALWAYS_EMBED_SWIFT_STANDARD_LIBRARIES = YES;
				ASSETCATALOG_COMPILER_APPICON_NAME = AppIcon;
				CODE_SIGN_STYLE = Automatic;
				DEVELOPMENT_TEAM = 48Z3M32AFX;
				INFOPLIST_FILE = IOSTechnicalFeatures/Info.plist;
				LD_RUNPATH_SEARCH_PATHS = (
					"$(inherited)",
					"@executable_path/Frameworks",
				);
				PRODUCT_BUNDLE_IDENTIFIER = com.IOSTechnicalFeatures;
				PRODUCT_NAME = "$(TARGET_NAME)";
				SWIFT_VERSION = 5.0;
				TARGETED_DEVICE_FAMILY = "1,2";
			};
			name = Release;
		};
		54E652D823FD59670008471D /* Debug */ = {
			isa = XCBuildConfiguration;
			buildSettings = {
				CODE_SIGN_STYLE = Automatic;
				DEVELOPMENT_TEAM = 48Z3M32AFX;
				INFOPLIST_FILE = CustomKeyboard/Info.plist;
				LD_RUNPATH_SEARCH_PATHS = (
					"$(inherited)",
					"@executable_path/Frameworks",
					"@executable_path/../../Frameworks",
				);
				PRODUCT_BUNDLE_IDENTIFIER = com.IOSTechnicalFeatures.CustomKeyboard;
				PRODUCT_NAME = "$(TARGET_NAME)";
				SKIP_INSTALL = YES;
				SWIFT_VERSION = 5.0;
				TARGETED_DEVICE_FAMILY = "1,2";
			};
			name = Debug;
		};
		54E652D923FD59670008471D /* Release */ = {
			isa = XCBuildConfiguration;
			buildSettings = {
				CODE_SIGN_STYLE = Automatic;
				DEVELOPMENT_TEAM = 48Z3M32AFX;
				INFOPLIST_FILE = CustomKeyboard/Info.plist;
				LD_RUNPATH_SEARCH_PATHS = (
					"$(inherited)",
					"@executable_path/Frameworks",
					"@executable_path/../../Frameworks",
				);
				PRODUCT_BUNDLE_IDENTIFIER = com.IOSTechnicalFeatures.CustomKeyboard;
				PRODUCT_NAME = "$(TARGET_NAME)";
				SKIP_INSTALL = YES;
				SWIFT_VERSION = 5.0;
				TARGETED_DEVICE_FAMILY = "1,2";
			};
			name = Release;
		};
/* End XCBuildConfiguration section */

/* Begin XCConfigurationList section */
		54C1FD3223FD12A500686DA4 /* Build configuration list for PBXProject "IOSTechnicalFeatures" */ = {
			isa = XCConfigurationList;
			buildConfigurations = (
				54C1FD4923FD12A800686DA4 /* Debug */,
				54C1FD4A23FD12A800686DA4 /* Release */,
			);
			defaultConfigurationIsVisible = 0;
			defaultConfigurationName = Release;
		};
		54C1FD4B23FD12A800686DA4 /* Build configuration list for PBXNativeTarget "IOSTechnicalFeatures" */ = {
			isa = XCConfigurationList;
			buildConfigurations = (
				54C1FD4C23FD12A800686DA4 /* Debug */,
				54C1FD4D23FD12A800686DA4 /* Release */,
			);
			defaultConfigurationIsVisible = 0;
			defaultConfigurationName = Release;
		};
		54E652DA23FD59670008471D /* Build configuration list for PBXNativeTarget "CustomKeyboard" */ = {
			isa = XCConfigurationList;
			buildConfigurations = (
				54E652D823FD59670008471D /* Debug */,
				54E652D923FD59670008471D /* Release */,
			);
			defaultConfigurationIsVisible = 0;
			defaultConfigurationName = Release;
		};
/* End XCConfigurationList section */
	};
	rootObject = 54C1FD2F23FD12A500686DA4 /* Project object */;
}
